// !$*UTF8*$!
{
	archiveVersion = 1;
	classes = {
	};
	objectVersion = 50;
	objects = {

/* Begin PBXBuildFile section */
		A3328BFD22BCD86E0014A686 /* CircularWavesEffectView.swift in Sources */ = {isa = PBXBuildFile; fileRef = A3328BFC22BCD86E0014A686 /* CircularWavesEffectView.swift */; };
		A3328C0022BCD8EE0014A686 /* CoreGraphicsExtension.swift in Sources */ = {isa = PBXBuildFile; fileRef = A3328BFF22BCD8EE0014A686 /* CoreGraphicsExtension.swift */; };
		A3328C0422C277380014A686 /* UIViewSimpleAnimation.swift in Sources */ = {isa = PBXBuildFile; fileRef = A3328C0322C277380014A686 /* UIViewSimpleAnimation.swift */; };
		A3B6C9C822B78E4800DCF20C /* AppDelegate.swift in Sources */ = {isa = PBXBuildFile; fileRef = A3B6C9C722B78E4800DCF20C /* AppDelegate.swift */; };
		A3B6C9CA22B78E4800DCF20C /* ViewController.swift in Sources */ = {isa = PBXBuildFile; fileRef = A3B6C9C922B78E4800DCF20C /* ViewController.swift */; };
		A3B6C9CD22B78E4800DCF20C /* Main.storyboard in Resources */ = {isa = PBXBuildFile; fileRef = A3B6C9CB22B78E4800DCF20C /* Main.storyboard */; };
		A3B6C9CF22B78E4800DCF20C /* Assets.xcassets in Resources */ = {isa = PBXBuildFile; fileRef = A3B6C9CE22B78E4800DCF20C /* Assets.xcassets */; };
		A3B6C9D222B78E4800DCF20C /* LaunchScreen.storyboard in Resources */ = {isa = PBXBuildFile; fileRef = A3B6C9D022B78E4800DCF20C /* LaunchScreen.storyboard */; };
		A3B6C9DB22B78F6200DCF20C /* PopupButton.swift in Sources */ = {isa = PBXBuildFile; fileRef = A3B6C9DA22B78F6200DCF20C /* PopupButton.swift */; };
		A3B6C9DD22BA46A500DCF20C /* PressedEffectView.swift in Sources */ = {isa = PBXBuildFile; fileRef = A3B6C9DC22BA46A500DCF20C /* PressedEffectView.swift */; };
/* End PBXBuildFile section */

/* Begin PBXFileReference section */
		A3328BFC22BCD86E0014A686 /* CircularWavesEffectView.swift */ = {isa = PBXFileReference; lastKnownFileType = sourcecode.swift; path = CircularWavesEffectView.swift; sourceTree = "<group>"; };
		A3328BFF22BCD8EE0014A686 /* CoreGraphicsExtension.swift */ = {isa = PBXFileReference; lastKnownFileType = sourcecode.swift; path = CoreGraphicsExtension.swift; sourceTree = "<group>"; };
		A3328C0322C277380014A686 /* UIViewSimpleAnimation.swift */ = {isa = PBXFileReference; lastKnownFileType = sourcecode.swift; path = UIViewSimpleAnimation.swift; sourceTree = "<group>"; };
		A3B6C9C422B78E4800DCF20C /* CoreAnimationTrain.app */ = {isa = PBXFileReference; explicitFileType = wrapper.application; includeInIndex = 0; path = CoreAnimationTrain.app; sourceTree = BUILT_PRODUCTS_DIR; };
		A3B6C9C722B78E4800DCF20C /* AppDelegate.swift */ = {isa = PBXFileReference; lastKnownFileType = sourcecode.swift; path = AppDelegate.swift; sourceTree = "<group>"; };
		A3B6C9C922B78E4800DCF20C /* ViewController.swift */ = {isa = PBXFileReference; lastKnownFileType = sourcecode.swift; path = ViewController.swift; sourceTree = "<group>"; };
		A3B6C9CC22B78E4800DCF20C /* Base */ = {isa = PBXFileReference; lastKnownFileType = file.storyboard; name = Base; path = Base.lproj/Main.storyboard; sourceTree = "<group>"; };
		A3B6C9CE22B78E4800DCF20C /* Assets.xcassets */ = {isa = PBXFileReference; lastKnownFileType = folder.assetcatalog; path = Assets.xcassets; sourceTree = "<group>"; };
		A3B6C9D122B78E4800DCF20C /* Base */ = {isa = PBXFileReference; lastKnownFileType = file.storyboard; name = Base; path = Base.lproj/LaunchScreen.storyboard; sourceTree = "<group>"; };
		A3B6C9D322B78E4800DCF20C /* Info.plist */ = {isa = PBXFileReference; lastKnownFileType = text.plist.xml; path = Info.plist; sourceTree = "<group>"; };
		A3B6C9DA22B78F6200DCF20C /* PopupButton.swift */ = {isa = PBXFileReference; lastKnownFileType = sourcecode.swift; path = PopupButton.swift; sourceTree = "<group>"; };
		A3B6C9DC22BA46A500DCF20C /* PressedEffectView.swift */ = {isa = PBXFileReference; lastKnownFileType = sourcecode.swift; path = PressedEffectView.swift; sourceTree = "<group>"; };
/* End PBXFileReference section */

/* Begin PBXFrameworksBuildPhase section */
		A3B6C9C122B78E4800DCF20C /* Frameworks */ = {
			isa = PBXFrameworksBuildPhase;
			buildActionMask = 2147483647;
			files = (
			);
			runOnlyForDeploymentPostprocessing = 0;
		};
/* End PBXFrameworksBuildPhase section */

/* Begin PBXGroup section */
		A3328BFE22BCD8D20014A686 /* Extension */ = {
			isa = PBXGroup;
			children = (
				A3328BFF22BCD8EE0014A686 /* CoreGraphicsExtension.swift */,
			);
			path = Extension;
			sourceTree = "<group>";
		};
		A3328C0122C21C300014A686 /* EffectView */ = {
			isa = PBXGroup;
			children = (
				A3B6C9DC22BA46A500DCF20C /* PressedEffectView.swift */,
				A3328BFC22BCD86E0014A686 /* CircularWavesEffectView.swift */,
			);
			path = EffectView;
			sourceTree = "<group>";
		};
		A3328C0222C26B2D0014A686 /* Icon */ = {
			isa = PBXGroup;
			children = (
			);
			path = Icon;
			sourceTree = "<group>";
		};
		A3B6C9BB22B78E4800DCF20C = {
			isa = PBXGroup;
			children = (
				A3B6C9C622B78E4800DCF20C /* CoreAnimationTrain */,
				A3B6C9C522B78E4800DCF20C /* Products */,
			);
			sourceTree = "<group>";
		};
		A3B6C9C522B78E4800DCF20C /* Products */ = {
			isa = PBXGroup;
			children = (
				A3B6C9C422B78E4800DCF20C /* CoreAnimationTrain.app */,
			);
			name = Products;
			sourceTree = "<group>";
		};
		A3B6C9C622B78E4800DCF20C /* CoreAnimationTrain */ = {
			isa = PBXGroup;
			children = (
				A3328BFE22BCD8D20014A686 /* Extension */,
				A3B6C9D922B78E6000DCF20C /* CustomView */,
				A3B6C9C722B78E4800DCF20C /* AppDelegate.swift */,
				A3B6C9C922B78E4800DCF20C /* ViewController.swift */,
				A3B6C9CB22B78E4800DCF20C /* Main.storyboard */,
				A3B6C9CE22B78E4800DCF20C /* Assets.xcassets */,
				A3B6C9D022B78E4800DCF20C /* LaunchScreen.storyboard */,
				A3B6C9D322B78E4800DCF20C /* Info.plist */,
			);
			path = CoreAnimationTrain;
			sourceTree = "<group>";
		};
		A3B6C9D922B78E6000DCF20C /* CustomView */ = {
			isa = PBXGroup;
			children = (
				A3328C0222C26B2D0014A686 /* Icon */,
				A3B6C9DA22B78F6200DCF20C /* PopupButton.swift */,
				A3328C0122C21C300014A686 /* EffectView */,
				A3328C0322C277380014A686 /* UIViewSimpleAnimation.swift */,
			);
			path = CustomView;
			sourceTree = "<group>";
		};
/* End PBXGroup section */

/* Begin PBXNativeTarget section */
		A3B6C9C322B78E4800DCF20C /* CoreAnimationTrain */ = {
			isa = PBXNativeTarget;
			buildConfigurationList = A3B6C9D622B78E4800DCF20C /* Build configuration list for PBXNativeTarget "CoreAnimationTrain" */;
			buildPhases = (
				A3B6C9C022B78E4800DCF20C /* Sources */,
				A3B6C9C122B78E4800DCF20C /* Frameworks */,
				A3B6C9C222B78E4800DCF20C /* Resources */,
			);
			buildRules = (
			);
			dependencies = (
			);
			name = CoreAnimationTrain;
			productName = CoreAnimationTrain;
			productReference = A3B6C9C422B78E4800DCF20C /* CoreAnimationTrain.app */;
			productType = "com.apple.product-type.application";
		};
/* End PBXNativeTarget section */

/* Begin PBXProject section */
		A3B6C9BC22B78E4800DCF20C /* Project object */ = {
			isa = PBXProject;
			attributes = {
				LastSwiftUpdateCheck = 1010;
				LastUpgradeCheck = 1010;
				ORGANIZATIONNAME = "Vladislav Sviridov";
				TargetAttributes = {
					A3B6C9C322B78E4800DCF20C = {
						CreatedOnToolsVersion = 10.1;
					};
				};
			};
			buildConfigurationList = A3B6C9BF22B78E4800DCF20C /* Build configuration list for PBXProject "CoreAnimationTrain" */;
			compatibilityVersion = "Xcode 9.3";
			developmentRegion = en;
			hasScannedForEncodings = 0;
			knownRegions = (
				en,
				Base,
			);
			mainGroup = A3B6C9BB22B78E4800DCF20C;
			productRefGroup = A3B6C9C522B78E4800DCF20C /* Products */;
			projectDirPath = "";
			projectRoot = "";
			targets = (
				A3B6C9C322B78E4800DCF20C /* CoreAnimationTrain */,
			);
		};
/* End PBXProject section */

/* Begin PBXResourcesBuildPhase section */
		A3B6C9C222B78E4800DCF20C /* Resources */ = {
			isa = PBXResourcesBuildPhase;
			buildActionMask = 2147483647;
			files = (
				A3B6C9D222B78E4800DCF20C /* LaunchScreen.storyboard in Resources */,
				A3B6C9CF22B78E4800DCF20C /* Assets.xcassets in Resources */,
				A3B6C9CD22B78E4800DCF20C /* Main.storyboard in Resources */,
			);
			runOnlyForDeploymentPostprocessing = 0;
		};
/* End PBXResourcesBuildPhase section */

/* Begin PBXSourcesBuildPhase section */
		A3B6C9C022B78E4800DCF20C /* Sources */ = {
			isa = PBXSourcesBuildPhase;
			buildActionMask = 2147483647;
			files = (
				A3B6C9DD22BA46A500DCF20C /* PressedEffectView.swift in Sources */,
				A3B6C9CA22B78E4800DCF20C /* ViewController.swift in Sources */,
				A3B6C9C822B78E4800DCF20C /* AppDelegate.swift in Sources */,
				A3328C0422C277380014A686 /* UIViewSimpleAnimation.swift in Sources */,
				A3328C0022BCD8EE0014A686 /* CoreGraphicsExtension.swift in Sources */,
				A3B6C9DB22B78F6200DCF20C /* PopupButton.swift in Sources */,
				A3328BFD22BCD86E0014A686 /* CircularWavesEffectView.swift in Sources */,
			);
			runOnlyForDeploymentPostprocessing = 0;
		};
/* End PBXSourcesBuildPhase section */

/* Begin PBXVariantGroup section */
		A3B6C9CB22B78E4800DCF20C /* Main.storyboard */ = {
			isa = PBXVariantGroup;
			children = (
				A3B6C9CC22B78E4800DCF20C /* Base */,
			);
			name = Main.storyboard;
			sourceTree = "<group>";
		};
		A3B6C9D022B78E4800DCF20C /* LaunchScreen.storyboard */ = {
			isa = PBXVariantGroup;
			children = (
				A3B6C9D122B78E4800DCF20C /* Base */,
			);
			name = LaunchScreen.storyboard;
			sourceTree = "<group>";
		};
/* End PBXVariantGroup section */

/* Begin XCBuildConfiguration section */
		A3B6C9D422B78E4800DCF20C /* Debug */ = {
			isa = XCBuildConfiguration;
			buildSettings = {
				ALWAYS_SEARCH_USER_PATHS = NO;
				CLANG_ANALYZER_NONNULL = YES;
				CLANG_ANALYZER_NUMBER_OBJECT_CONVERSION = YES_AGGRESSIVE;
				CLANG_CXX_LANGUAGE_STANDARD = "gnu++14";
				CLANG_CXX_LIBRARY = "libc++";
				CLANG_ENABLE_MODULES = YES;
				CLANG_ENABLE_OBJC_ARC = YES;
				CLANG_ENABLE_OBJC_WEAK = YES;
				CLANG_WARN_BLOCK_CAPTURE_AUTORELEASING = YES;
				CLANG_WARN_BOOL_CONVERSION = YES;
				CLANG_WARN_COMMA = YES;
				CLANG_WARN_CONSTANT_CONVERSION = YES;
				CLANG_WARN_DEPRECATED_OBJC_IMPLEMENTATIONS = YES;
				CLANG_WARN_DIRECT_OBJC_ISA_USAGE = YES_ERROR;
				CLANG_WARN_DOCUMENTATION_COMMENTS = YES;
				CLANG_WARN_EMPTY_BODY = YES;
				CLANG_WARN_ENUM_CONVERSION = YES;
				CLANG_WARN_INFINITE_RECURSION = YES;
				CLANG_WARN_INT_CONVERSION = YES;
				CLANG_WARN_NON_LITERAL_NULL_CONVERSION = YES;
				CLANG_WARN_OBJC_IMPLICIT_RETAIN_SELF = YES;
				CLANG_WARN_OBJC_LITERAL_CONVERSION = YES;
				CLANG_WARN_OBJC_ROOT_CLASS = YES_ERROR;
				CLANG_WARN_RANGE_LOOP_ANALYSIS = YES;
				CLANG_WARN_STRICT_PROTOTYPES = YES;
				CLANG_WARN_SUSPICIOUS_MOVE = YES;
				CLANG_WARN_UNGUARDED_AVAILABILITY = YES_AGGRESSIVE;
				CLANG_WARN_UNREACHABLE_CODE = YES;
				CLANG_WARN__DUPLICATE_METHOD_MATCH = YES;
				CODE_SIGN_IDENTITY = "iPhone Developer";
				COPY_PHASE_STRIP = NO;
				DEBUG_INFORMATION_FORMAT = dwarf;
				ENABLE_STRICT_OBJC_MSGSEND = YES;
				ENABLE_TESTABILITY = YES;
				GCC_C_LANGUAGE_STANDARD = gnu11;
				GCC_DYNAMIC_NO_PIC = NO;
				GCC_NO_COMMON_BLOCKS = YES;
				GCC_OPTIMIZATION_LEVEL = 0;
				GCC_PREPROCESSOR_DEFINITIONS = (
					"DEBUG=1",
					"$(inherited)",
				);
				GCC_WARN_64_TO_32_BIT_CONVERSION = YES;
				GCC_WARN_ABOUT_RETURN_TYPE = YES_ERROR;
				GCC_WARN_UNDECLARED_SELECTOR = YES;
				GCC_WARN_UNINITIALIZED_AUTOS = YES_AGGRESSIVE;
				GCC_WARN_UNUSED_FUNCTION = YES;
				GCC_WARN_UNUSED_VARIABLE = YES;
				IPHONEOS_DEPLOYMENT_TARGET = 12.1;
				MTL_ENABLE_DEBUG_INFO = INCLUDE_SOURCE;
				MTL_FAST_MATH = YES;
				ONLY_ACTIVE_ARCH = YES;
				SDKROOT = iphoneos;
				SWIFT_ACTIVE_COMPILATION_CONDITIONS = DEBUG;
				SWIFT_OPTIMIZATION_LEVEL = "-Onone";
			};
			name = Debug;
		};
		A3B6C9D522B78E4800DCF20C /* Release */ = {
			isa = XCBuildConfiguration;
			buildSettings = {
				ALWAYS_SEARCH_USER_PATHS = NO;
				CLANG_ANALYZER_NONNULL = YES;
				CLANG_ANALYZER_NUMBER_OBJECT_CONVERSION = YES_AGGRESSIVE;
				CLANG_CXX_LANGUAGE_STANDARD = "gnu++14";
				CLANG_CXX_LIBRARY = "libc++";
				CLANG_ENABLE_MODULES = YES;
				CLANG_ENABLE_OBJC_ARC = YES;
				CLANG_ENABLE_OBJC_WEAK = YES;
				CLANG_WARN_BLOCK_CAPTURE_AUTORELEASING = YES;
				CLANG_WARN_BOOL_CONVERSION = YES;
				CLANG_WARN_COMMA = YES;
				CLANG_WARN_CONSTANT_CONVERSION = YES;
				CLANG_WARN_DEPRECATED_OBJC_IMPLEMENTATIONS = YES;
				CLANG_WARN_DIRECT_OBJC_ISA_USAGE = YES_ERROR;
				CLANG_WARN_DOCUMENTATION_COMMENTS = YES;
				CLANG_WARN_EMPTY_BODY = YES;
				CLANG_WARN_ENUM_CONVERSION = YES;
				CLANG_WARN_INFINITE_RECURSION = YES;
				CLANG_WARN_INT_CONVERSION = YES;
				CLANG_WARN_NON_LITERAL_NULL_CONVERSION = YES;
				CLANG_WARN_OBJC_IMPLICIT_RETAIN_SELF = YES;
				CLANG_WARN_OBJC_LITERAL_CONVERSION = YES;
				CLANG_WARN_OBJC_ROOT_CLASS = YES_ERROR;
				CLANG_WARN_RANGE_LOOP_ANALYSIS = YES;
				CLANG_WARN_STRICT_PROTOTYPES = YES;
				CLANG_WARN_SUSPICIOUS_MOVE = YES;
				CLANG_WARN_UNGUARDED_AVAILABILITY = YES_AGGRESSIVE;
				CLANG_WARN_UNREACHABLE_CODE = YES;
				CLANG_WARN__DUPLICATE_METHOD_MATCH = YES;
				CODE_SIGN_IDENTITY = "iPhone Developer";
				COPY_PHASE_STRIP = NO;
				DEBUG_INFORMATION_FORMAT = "dwarf-with-dsym";
				ENABLE_NS_ASSERTIONS = NO;
				ENABLE_STRICT_OBJC_MSGSEND = YES;
				GCC_C_LANGUAGE_STANDARD = gnu11;
				GCC_NO_COMMON_BLOCKS = YES;
				GCC_WARN_64_TO_32_BIT_CONVERSION = YES;
				GCC_WARN_ABOUT_RETURN_TYPE = YES_ERROR;
				GCC_WARN_UNDECLARED_SELECTOR = YES;
				GCC_WARN_UNINITIALIZED_AUTOS = YES_AGGRESSIVE;
				GCC_WARN_UNUSED_FUNCTION = YES;
				GCC_WARN_UNUSED_VARIABLE = YES;
				IPHONEOS_DEPLOYMENT_TARGET = 12.1;
				MTL_ENABLE_DEBUG_INFO = NO;
				MTL_FAST_MATH = YES;
				SDKROOT = iphoneos;
				SWIFT_COMPILATION_MODE = wholemodule;
				SWIFT_OPTIMIZATION_LEVEL = "-O";
				VALIDATE_PRODUCT = YES;
			};
			name = Release;
		};
		A3B6C9D722B78E4800DCF20C /* Debug */ = {
			isa = XCBuildConfiguration;
			buildSettings = {
				ASSETCATALOG_COMPILER_APPICON_NAME = AppIcon;
				CODE_SIGN_STYLE = Automatic;
				DEVELOPMENT_TEAM = 2BK7JT88DX;
				INFOPLIST_FILE = CoreAnimationTrain/Info.plist;
				IPHONEOS_DEPLOYMENT_TARGET = 12.0;
				LD_RUNPATH_SEARCH_PATHS = (
					"$(inherited)",
					"@executable_path/Frameworks",
				);
				PRODUCT_BUNDLE_IDENTIFIER = "-.CoreAnimationTrain";
				PRODUCT_NAME = "$(TARGET_NAME)";
				SWIFT_VERSION = 4.2;
				TARGETED_DEVICE_FAMILY = "1,2";
			};
			name = Debug;
		};
		A3B6C9D822B78E4800DCF20C /* Release */ = {
			isa = XCBuildConfiguration;
			buildSettings = {
				ASSETCATALOG_COMPILER_APPICON_NAME = AppIcon;
				CODE_SIGN_STYLE = Automatic;
				DEVELOPMENT_TEAM = 2BK7JT88DX;
				INFOPLIST_FILE = CoreAnimationTrain/Info.plist;
				IPHONEOS_DEPLOYMENT_TARGET = 12.0;
				LD_RUNPATH_SEARCH_PATHS = (
					"$(inherited)",
					"@executable_path/Frameworks",
				);
				PRODUCT_BUNDLE_IDENTIFIER = "-.CoreAnimationTrain";
				PRODUCT_NAME = "$(TARGET_NAME)";
				SWIFT_VERSION = 4.2;
				TARGETED_DEVICE_FAMILY = "1,2";
			};
			name = Release;
		};
/* End XCBuildConfiguration section */

/* Begin XCConfigurationList section */
		A3B6C9BF22B78E4800DCF20C /* Build configuration list for PBXProject "CoreAnimationTrain" */ = {
			isa = XCConfigurationList;
			buildConfigurations = (
				A3B6C9D422B78E4800DCF20C /* Debug */,
				A3B6C9D522B78E4800DCF20C /* Release */,
			);
			defaultConfigurationIsVisible = 0;
			defaultConfigurationName = Release;
		};
		A3B6C9D622B78E4800DCF20C /* Build configuration list for PBXNativeTarget "CoreAnimationTrain" */ = {
			isa = XCConfigurationList;
			buildConfigurations = (
				A3B6C9D722B78E4800DCF20C /* Debug */,
				A3B6C9D822B78E4800DCF20C /* Release */,
			);
			defaultConfigurationIsVisible = 0;
			defaultConfigurationName = Release;
		};
/* End XCConfigurationList section */
	};
	rootObject = A3B6C9BC22B78E4800DCF20C /* Project object */;
}
